
Microsoft Visual Studio Solution File, Format Version 11.00
# Visual Studio 2010
Project("{FAE04EC0-301F-11D3-BF4B-00C04F79EFBC}") = "Space Shooter_20170729", "Assembly-CSharp.csproj", "{A8DECCB3-82DB-2620-61CD-82E85E743C20}"
EndProject
Project("{FAE04EC0-301F-11D3-BF4B-00C04F79EFBC}") = "Space Shooter_20170729", "Assembly-CSharp-Editor.csproj", "{4A234C98-090C-7C5D-AA79-63804E19FF6F}"
EndProject
Global
	GlobalSection(SolutionConfigurationPlatforms) = preSolution
		Debug|Any CPU = Debug|Any CPU
		Release|Any CPU = Release|Any CPU
	EndGlobalSection
	GlobalSection(ProjectConfigurationPlatforms) = postSolution
		{A8DECCB3-82DB-2620-61CD-82E85E743C20}.Debug|Any CPU.ActiveCfg = Debug|Any CPU
		{A8DECCB3-82DB-2620-61CD-82E85E743C20}.Debug|Any CPU.Build.0 = Debug|Any CPU
		{A8DECCB3-82DB-2620-61CD-82E85E743C20}.Release|Any CPU.ActiveCfg = Release|Any CPU
		{A8DECCB3-82DB-2620-61CD-82E85E743C20}.Release|Any CPU.Build.0 = Release|Any CPU
		{4A234C98-090C-7C5D-AA79-63804E19FF6F}.Debug|Any CPU.ActiveCfg = Debug|Any CPU
		{4A234C98-090C-7C5D-AA79-63804E19FF6F}.Debug|Any CPU.Build.0 = Debug|Any CPU
		{4A234C98-090C-7C5D-AA79-63804E19FF6F}.Release|Any CPU.ActiveCfg = Release|Any CPU
		{4A234C98-090C-7C5D-AA79-63804E19FF6F}.Release|Any CPU.Build.0 = Release|Any CPU
	EndGlobalSection
	GlobalSection(SolutionProperties) = preSolution
		HideSolutionNode = FALSE
	EndGlobalSection
	GlobalSection(MonoDevelopProperties) = preSolution
		StartupItem = Assembly-CSharp.csproj
	EndGlobalSection
EndGlobal
